// !$*UTF8*$!
{
	archiveVersion = 1;
	classes = {
	};
	objectVersion = 46;
	objects = {

/* Begin PBXFileReference section */
		FC17CA1B1607050F0092C197 /* gpio.c */ = {isa = PBXFileReference; fileEncoding = 4; lastKnownFileType = sourcecode.c.c; name = gpio.c; path = source/gpio.c; sourceTree = "<group>"; };
		FC17CA1C1607055F0092C197 /* gpio.h */ = {isa = PBXFileReference; lastKnownFileType = sourcecode.c.h; name = gpio.h; path = source/gpio.h; sourceTree = "<group>"; };
		FC2C81721610CB4C003B6ECB /* bptypes.h */ = {isa = PBXFileReference; lastKnownFileType = sourcecode.c.h; name = bptypes.h; path = source/bptypes.h; sourceTree = "<group>"; };
		FC2C81731610CDFA003B6ECB /* main.c */ = {isa = PBXFileReference; fileEncoding = 4; lastKnownFileType = sourcecode.c.c; name = main.c; path = source/main.c; sourceTree = "<group>"; };
		FC3419591612DDDE00207E3C /* SystemTimer.c */ = {isa = PBXFileReference; fileEncoding = 4; lastKnownFileType = sourcecode.c.c; path = SystemTimer.c; sourceTree = "<group>"; };
		FC34195B1612DDFE00207E3C /* SystemTimer.h */ = {isa = PBXFileReference; lastKnownFileType = sourcecode.c.h; path = SystemTimer.h; sourceTree = "<group>"; };
		FCB0F975160063D700745F21 /* start.s */ = {isa = PBXFileReference; fileEncoding = 4; lastKnownFileType = sourcecode.asm; name = start.s; path = source/start.s; sourceTree = "<group>"; };
		FCC39E951614CBD1001D2576 /* FrameBuffer.h */ = {isa = PBXFileReference; lastKnownFileType = sourcecode.c.h; path = FrameBuffer.h; sourceTree = "<group>"; };
		FCC39E961614CBF2001D2576 /* FrameBuffer.c */ = {isa = PBXFileReference; fileEncoding = 4; lastKnownFileType = sourcecode.c.c; path = FrameBuffer.c; sourceTree = "<group>"; };
/* End PBXFileReference section */

/* Begin PBXGroup section */
		FC2C81711610CB1E003B6ECB /* gpio */ = {
			isa = PBXGroup;
			children = (
				FC17CA1B1607050F0092C197 /* gpio.c */,
				FC17CA1C1607055F0092C197 /* gpio.h */,
			);
			name = gpio;
			sourceTree = "<group>";
		};
		FC3419571612DDAC00207E3C /* SystemTimer */ = {
			isa = PBXGroup;
			children = (
				FC3419591612DDDE00207E3C /* SystemTimer.c */,
				FC34195B1612DDFE00207E3C /* SystemTimer.h */,
			);
			name = SystemTimer;
			path = source;
			sourceTree = "<group>";
		};
		FCB0F968160061BE00745F21 = {
			isa = PBXGroup;
			children = (
				FCC39E931614CB95001D2576 /* graphics */,
				FC3419571612DDAC00207E3C /* SystemTimer */,
				FC2C81731610CDFA003B6ECB /* main.c */,
				FC2C81721610CB4C003B6ECB /* bptypes.h */,
				FC2C81711610CB1E003B6ECB /* gpio */,
				FCB0F975160063D700745F21 /* start.s */,
			);
			sourceTree = "<group>";
		};
		FCC39E931614CB95001D2576 /* graphics */ = {
			isa = PBXGroup;
			children = (
				FCC39E951614CBD1001D2576 /* FrameBuffer.h */,
				FCC39E961614CBF2001D2576 /* FrameBuffer.c */,
			);
			name = graphics;
			path = source;
			sourceTree = "<group>";
		};
/* End PBXGroup section */

/* Begin PBXLegacyTarget section */
		FCB0F96F160061BE00745F21 /* BakingPi */ = {
			isa = PBXLegacyTarget;
			buildArgumentsString = "$(ACTION)";
			buildConfigurationList = FCB0F972160061BE00745F21 /* Build configuration list for PBXLegacyTarget "BakingPi" */;
			buildPhases = (
			);
			buildToolPath = /usr/bin/make;
			buildWorkingDirectory = "";
			dependencies = (
			);
			name = BakingPi;
			passBuildSettingsInEnvironment = 0;
			productName = BakingPi;
		};
/* End PBXLegacyTarget section */

/* Begin PBXProject section */
		FCB0F96A160061BE00745F21 /* Project object */ = {
			isa = PBXProject;
			attributes = {
				LastUpgradeCheck = 0450;
				ORGANIZATIONNAME = "Jeremy Pereira";
			};
			buildConfigurationList = FCB0F96D160061BE00745F21 /* Build configuration list for PBXProject "BakingPi" */;
			compatibilityVersion = "Xcode 3.2";
			developmentRegion = English;
			hasScannedForEncodings = 0;
			knownRegions = (
				en,
			);
			mainGroup = FCB0F968160061BE00745F21;
			projectDirPath = "";
			projectRoot = "";
			targets = (
				FCB0F96F160061BE00745F21 /* BakingPi */,
			);
		};
/* End PBXProject section */

/* Begin XCBuildConfiguration section */
		FCB0F970160061BE00745F21 /* Debug */ = {
			isa = XCBuildConfiguration;
			buildSettings = {
				ALWAYS_SEARCH_USER_PATHS = NO;
				ARCHS = "$(ARCHS_STANDARD_64_BIT)";
				CLANG_CXX_LANGUAGE_STANDARD = "gnu++0x";
				CLANG_WARN__DUPLICATE_METHOD_MATCH = YES;
				COPY_PHASE_STRIP = NO;
				GCC_C_LANGUAGE_STANDARD = gnu99;
				GCC_DYNAMIC_NO_PIC = NO;
				GCC_ENABLE_OBJC_EXCEPTIONS = YES;
				GCC_OPTIMIZATION_LEVEL = 0;
				GCC_PREPROCESSOR_DEFINITIONS = (
					"DEBUG=1",
					"$(inherited)",
				);
				GCC_SYMBOLS_PRIVATE_EXTERN = NO;
				GCC_WARN_64_TO_32_BIT_CONVERSION = YES;
				GCC_WARN_ABOUT_RETURN_TYPE = YES;
				GCC_WARN_UNINITIALIZED_AUTOS = YES;
				GCC_WARN_UNUSED_VARIABLE = YES;
				MACOSX_DEPLOYMENT_TARGET = 10.8;
				ONLY_ACTIVE_ARCH = YES;
				SDKROOT = macosx;
			};
			name = Debug;
		};
		FCB0F971160061BE00745F21 /* Release */ = {
			isa = XCBuildConfiguration;
			buildSettings = {
				ALWAYS_SEARCH_USER_PATHS = NO;
				ARCHS = "$(ARCHS_STANDARD_64_BIT)";
				CLANG_CXX_LANGUAGE_STANDARD = "gnu++0x";
				CLANG_WARN__DUPLICATE_METHOD_MATCH = YES;
				COPY_PHASE_STRIP = YES;
				DEBUG_INFORMATION_FORMAT = "dwarf-with-dsym";
				GCC_C_LANGUAGE_STANDARD = gnu99;
				GCC_ENABLE_OBJC_EXCEPTIONS = YES;
				GCC_WARN_64_TO_32_BIT_CONVERSION = YES;
				GCC_WARN_ABOUT_RETURN_TYPE = YES;
				GCC_WARN_UNINITIALIZED_AUTOS = YES;
				GCC_WARN_UNUSED_VARIABLE = YES;
				MACOSX_DEPLOYMENT_TARGET = 10.8;
				SDKROOT = macosx;
			};
			name = Release;
		};
		FCB0F973160061BE00745F21 /* Debug */ = {
			isa = XCBuildConfiguration;
			buildSettings = {
				COMBINE_HIDPI_IMAGES = YES;
				DEBUGGING_SYMBOLS = YES;
				GCC_GENERATE_DEBUGGING_SYMBOLS = YES;
				GCC_OPTIMIZATION_LEVEL = 0;
				OTHER_CFLAGS = "";
				OTHER_LDFLAGS = "";
				PRODUCT_NAME = "$(TARGET_NAME)";
			};
			name = Debug;
		};
		FCB0F974160061BE00745F21 /* Release */ = {
			isa = XCBuildConfiguration;
			buildSettings = {
				COMBINE_HIDPI_IMAGES = YES;
				OTHER_CFLAGS = "";
				OTHER_LDFLAGS = "";
				PRODUCT_NAME = "$(TARGET_NAME)";
			};
			name = Release;
		};
/* End XCBuildConfiguration section */

/* Begin XCConfigurationList section */
		FCB0F96D160061BE00745F21 /* Build configuration list for PBXProject "BakingPi" */ = {
			isa = XCConfigurationList;
			buildConfigurations = (
				FCB0F970160061BE00745F21 /* Debug */,
				FCB0F971160061BE00745F21 /* Release */,
			);
			defaultConfigurationIsVisible = 0;
			defaultConfigurationName = Release;
		};
		FCB0F972160061BE00745F21 /* Build configuration list for PBXLegacyTarget "BakingPi" */ = {
			isa = XCConfigurationList;
			buildConfigurations = (
				FCB0F973160061BE00745F21 /* Debug */,
				FCB0F974160061BE00745F21 /* Release */,
			);
			defaultConfigurationIsVisible = 0;
			defaultConfigurationName = Release;
		};
/* End XCConfigurationList section */
	};
	rootObject = FCB0F96A160061BE00745F21 /* Project object */;
}
